
Microsoft Visual Studio Solution File, Format Version 12.00
# Visual Studio 2012
Project("{FAE04EC0-301F-11D3-BF4B-00C04F79EFBC}") = "OxTube", "OxTube\OxTube.csproj", "{AAAADE39-2BAC-4AD6-BA6C-27EA892759A3}"
EndProject
Project("{FAE04EC0-301F-11D3-BF4B-00C04F79EFBC}") = "OxTube_Web", "OxTube_Web\OxTube_Web.csproj", "{35B94882-6291-4960-BDB9-89E580E1E7E2}"
EndProject
Global
	GlobalSection(SolutionConfigurationPlatforms) = preSolution
		Debug|Any CPU = Debug|Any CPU
		Debug|ARM = Debug|ARM
		Debug|x86 = Debug|x86
		MarketplaceScreenshots|Any CPU = MarketplaceScreenshots|Any CPU
		MarketplaceScreenshots|ARM = MarketplaceScreenshots|ARM
		MarketplaceScreenshots|x86 = MarketplaceScreenshots|x86
		Release|Any CPU = Release|Any CPU
		Release|ARM = Release|ARM
		Release|x86 = Release|x86
	EndGlobalSection
	GlobalSection(ProjectConfigurationPlatforms) = postSolution
		{AAAADE39-2BAC-4AD6-BA6C-27EA892759A3}.Debug|Any CPU.ActiveCfg = Debug|Any CPU
		{AAAADE39-2BAC-4AD6-BA6C-27EA892759A3}.Debug|Any CPU.Build.0 = Debug|Any CPU
		{AAAADE39-2BAC-4AD6-BA6C-27EA892759A3}.Debug|Any CPU.Deploy.0 = Debug|Any CPU
		{AAAADE39-2BAC-4AD6-BA6C-27EA892759A3}.Debug|ARM.ActiveCfg = Debug|ARM
		{AAAADE39-2BAC-4AD6-BA6C-27EA892759A3}.Debug|ARM.Build.0 = Debug|ARM
		{AAAADE39-2BAC-4AD6-BA6C-27EA892759A3}.Debug|ARM.Deploy.0 = Debug|ARM
		{AAAADE39-2BAC-4AD6-BA6C-27EA892759A3}.Debug|x86.ActiveCfg = Debug|x86
		{AAAADE39-2BAC-4AD6-BA6C-27EA892759A3}.Debug|x86.Build.0 = Debug|x86
		{AAAADE39-2BAC-4AD6-BA6C-27EA892759A3}.Debug|x86.Deploy.0 = Debug|x86
		{AAAADE39-2BAC-4AD6-BA6C-27EA892759A3}.MarketplaceScreenshots|Any CPU.ActiveCfg = MarketplaceScreenshots|Any CPU
		{AAAADE39-2BAC-4AD6-BA6C-27EA892759A3}.MarketplaceScreenshots|Any CPU.Build.0 = MarketplaceScreenshots|Any CPU
		{AAAADE39-2BAC-4AD6-BA6C-27EA892759A3}.MarketplaceScreenshots|Any CPU.Deploy.0 = MarketplaceScreenshots|Any CPU
		{AAAADE39-2BAC-4AD6-BA6C-27EA892759A3}.MarketplaceScreenshots|ARM.ActiveCfg = MarketplaceScreenshots|ARM
		{AAAADE39-2BAC-4AD6-BA6C-27EA892759A3}.MarketplaceScreenshots|ARM.Build.0 = MarketplaceScreenshots|ARM
		{AAAADE39-2BAC-4AD6-BA6C-27EA892759A3}.MarketplaceScreenshots|ARM.Deploy.0 = MarketplaceScreenshots|ARM
		{AAAADE39-2BAC-4AD6-BA6C-27EA892759A3}.MarketplaceScreenshots|x86.ActiveCfg = MarketplaceScreenshots|x86
		{AAAADE39-2BAC-4AD6-BA6C-27EA892759A3}.MarketplaceScreenshots|x86.Build.0 = MarketplaceScreenshots|x86
		{AAAADE39-2BAC-4AD6-BA6C-27EA892759A3}.MarketplaceScreenshots|x86.Deploy.0 = MarketplaceScreenshots|x86
		{AAAADE39-2BAC-4AD6-BA6C-27EA892759A3}.Release|Any CPU.ActiveCfg = Release|Any CPU
		{AAAADE39-2BAC-4AD6-BA6C-27EA892759A3}.Release|Any CPU.Build.0 = Release|Any CPU
		{AAAADE39-2BAC-4AD6-BA6C-27EA892759A3}.Release|Any CPU.Deploy.0 = Release|Any CPU
		{AAAADE39-2BAC-4AD6-BA6C-27EA892759A3}.Release|ARM.ActiveCfg = Release|ARM
		{AAAADE39-2BAC-4AD6-BA6C-27EA892759A3}.Release|ARM.Build.0 = Release|ARM
		{AAAADE39-2BAC-4AD6-BA6C-27EA892759A3}.Release|ARM.Deploy.0 = Release|ARM
		{AAAADE39-2BAC-4AD6-BA6C-27EA892759A3}.Release|x86.ActiveCfg = Release|x86
		{AAAADE39-2BAC-4AD6-BA6C-27EA892759A3}.Release|x86.Build.0 = Release|x86
		{AAAADE39-2BAC-4AD6-BA6C-27EA892759A3}.Release|x86.Deploy.0 = Release|x86
		{35B94882-6291-4960-BDB9-89E580E1E7E2}.Debug|Any CPU.ActiveCfg = Debug|Any CPU
		{35B94882-6291-4960-BDB9-89E580E1E7E2}.Debug|Any CPU.Build.0 = Debug|Any CPU
		{35B94882-6291-4960-BDB9-89E580E1E7E2}.Debug|ARM.ActiveCfg = Debug|Any CPU
		{35B94882-6291-4960-BDB9-89E580E1E7E2}.Debug|x86.ActiveCfg = Debug|Any CPU
		{35B94882-6291-4960-BDB9-89E580E1E7E2}.MarketplaceScreenshots|Any CPU.ActiveCfg = MarketplaceScreenshots|Any CPU
		{35B94882-6291-4960-BDB9-89E580E1E7E2}.MarketplaceScreenshots|Any CPU.Build.0 = MarketplaceScreenshots|Any CPU
		{35B94882-6291-4960-BDB9-89E580E1E7E2}.MarketplaceScreenshots|ARM.ActiveCfg = MarketplaceScreenshots|Any CPU
		{35B94882-6291-4960-BDB9-89E580E1E7E2}.MarketplaceScreenshots|x86.ActiveCfg = MarketplaceScreenshots|Any CPU
		{35B94882-6291-4960-BDB9-89E580E1E7E2}.Release|Any CPU.ActiveCfg = Release|Any CPU
		{35B94882-6291-4960-BDB9-89E580E1E7E2}.Release|Any CPU.Build.0 = Release|Any CPU
		{35B94882-6291-4960-BDB9-89E580E1E7E2}.Release|ARM.ActiveCfg = Release|Any CPU
		{35B94882-6291-4960-BDB9-89E580E1E7E2}.Release|x86.ActiveCfg = Release|Any CPU
	EndGlobalSection
	GlobalSection(SolutionProperties) = preSolution
		HideSolutionNode = FALSE
	EndGlobalSection
EndGlobal
